// !$*UTF8*$!
{
	archiveVersion = 1;
	classes = {
	};
	objectVersion = 50;
	objects = {

/* Begin PBXBuildFile section */
		CB5480C2250B4806007FF2C2 /* AppDelegate.swift in Sources */ = {isa = PBXBuildFile; fileRef = CB5480C1250B4806007FF2C2 /* AppDelegate.swift */; };
		CB5480C4250B4806007FF2C2 /* SceneDelegate.swift in Sources */ = {isa = PBXBuildFile; fileRef = CB5480C3250B4806007FF2C2 /* SceneDelegate.swift */; };
		CB5480C6250B4806007FF2C2 /* ContentView.swift in Sources */ = {isa = PBXBuildFile; fileRef = CB5480C5250B4806007FF2C2 /* ContentView.swift */; };
		CB5480C8250B4809007FF2C2 /* Assets.xcassets in Resources */ = {isa = PBXBuildFile; fileRef = CB5480C7250B4809007FF2C2 /* Assets.xcassets */; };
		CB5480CB250B4809007FF2C2 /* Preview Assets.xcassets in Resources */ = {isa = PBXBuildFile; fileRef = CB5480CA250B4809007FF2C2 /* Preview Assets.xcassets */; };
		CB5480CE250B4809007FF2C2 /* LaunchScreen.storyboard in Resources */ = {isa = PBXBuildFile; fileRef = CB5480CC250B4809007FF2C2 /* LaunchScreen.storyboard */; };
/* End PBXBuildFile section */

/* Begin PBXFileReference section */
		CB5480BE250B4806007FF2C2 /* stock_calculator.app */ = {isa = PBXFileReference; explicitFileType = wrapper.application; includeInIndex = 0; path = stock_calculator.app; sourceTree = BUILT_PRODUCTS_DIR; };
		CB5480C1250B4806007FF2C2 /* AppDelegate.swift */ = {isa = PBXFileReference; lastKnownFileType = sourcecode.swift; path = AppDelegate.swift; sourceTree = "<group>"; };
		CB5480C3250B4806007FF2C2 /* SceneDelegate.swift */ = {isa = PBXFileReference; lastKnownFileType = sourcecode.swift; path = SceneDelegate.swift; sourceTree = "<group>"; };
		CB5480C5250B4806007FF2C2 /* ContentView.swift */ = {isa = PBXFileReference; lastKnownFileType = sourcecode.swift; path = ContentView.swift; sourceTree = "<group>"; };
		CB5480C7250B4809007FF2C2 /* Assets.xcassets */ = {isa = PBXFileReference; lastKnownFileType = folder.assetcatalog; path = Assets.xcassets; sourceTree = "<group>"; };
		CB5480CA250B4809007FF2C2 /* Preview Assets.xcassets */ = {isa = PBXFileReference; lastKnownFileType = folder.assetcatalog; path = "Preview Assets.xcassets"; sourceTree = "<group>"; };
		CB5480CD250B4809007FF2C2 /* Base */ = {isa = PBXFileReference; lastKnownFileType = file.storyboard; name = Base; path = Base.lproj/LaunchScreen.storyboard; sourceTree = "<group>"; };
		CB5480CF250B4809007FF2C2 /* Info.plist */ = {isa = PBXFileReference; lastKnownFileType = text.plist.xml; path = Info.plist; sourceTree = "<group>"; };
/* End PBXFileReference section */

/* Begin PBXFrameworksBuildPhase section */
		CB5480BB250B4806007FF2C2 /* Frameworks */ = {
			isa = PBXFrameworksBuildPhase;
			buildActionMask = 2147483647;
			files = (
			);
			runOnlyForDeploymentPostprocessing = 0;
		};
/* End PBXFrameworksBuildPhase section */

/* Begin PBXGroup section */
		CB5480B5250B4806007FF2C2 = {
			isa = PBXGroup;
			children = (
				CB5480C0250B4806007FF2C2 /* stock_calculator */,
				CB5480BF250B4806007FF2C2 /* Products */,
			);
			sourceTree = "<group>";
		};
		CB5480BF250B4806007FF2C2 /* Products */ = {
			isa = PBXGroup;
			children = (
				CB5480BE250B4806007FF2C2 /* stock_calculator.app */,
			);
			name = Products;
			sourceTree = "<group>";
		};
		CB5480C0250B4806007FF2C2 /* stock_calculator */ = {
			isa = PBXGroup;
			children = (
				CB5480C1250B4806007FF2C2 /* AppDelegate.swift */,
				CB5480C3250B4806007FF2C2 /* SceneDelegate.swift */,
				CB5480C5250B4806007FF2C2 /* ContentView.swift */,
				CB5480C7250B4809007FF2C2 /* Assets.xcassets */,
				CB5480CC250B4809007FF2C2 /* LaunchScreen.storyboard */,
				CB5480CF250B4809007FF2C2 /* Info.plist */,
				CB5480C9250B4809007FF2C2 /* Preview Content */,
			);
			path = stock_calculator;
			sourceTree = "<group>";
		};
		CB5480C9250B4809007FF2C2 /* Preview Content */ = {
			isa = PBXGroup;
			children = (
				CB5480CA250B4809007FF2C2 /* Preview Assets.xcassets */,
			);
			path = "Preview Content";
			sourceTree = "<group>";
		};
/* End PBXGroup section */

/* Begin PBXNativeTarget section */
		CB5480BD250B4806007FF2C2 /* stock_calculator */ = {
			isa = PBXNativeTarget;
			buildConfigurationList = CB5480D2250B4809007FF2C2 /* Build configuration list for PBXNativeTarget "stock_calculator" */;
			buildPhases = (
				CB5480BA250B4806007FF2C2 /* Sources */,
				CB5480BB250B4806007FF2C2 /* Frameworks */,
				CB5480BC250B4806007FF2C2 /* Resources */,
			);
			buildRules = (
			);
			dependencies = (
			);
			name = stock_calculator;
			productName = stock_calculator;
			productReference = CB5480BE250B4806007FF2C2 /* stock_calculator.app */;
			productType = "com.apple.product-type.application";
		};
/* End PBXNativeTarget section */

/* Begin PBXProject section */
		CB5480B6250B4806007FF2C2 /* Project object */ = {
			isa = PBXProject;
			attributes = {
				LastSwiftUpdateCheck = 1170;
				LastUpgradeCheck = 1170;
				ORGANIZATIONNAME = simon.chang;
				TargetAttributes = {
					CB5480BD250B4806007FF2C2 = {
						CreatedOnToolsVersion = 11.7;
					};
				};
			};
			buildConfigurationList = CB5480B9250B4806007FF2C2 /* Build configuration list for PBXProject "stock_calculator" */;
			compatibilityVersion = "Xcode 9.3";
			developmentRegion = en;
			hasScannedForEncodings = 0;
			knownRegions = (
				en,
				Base,
			);
			mainGroup = CB5480B5250B4806007FF2C2;
			productRefGroup = CB5480BF250B4806007FF2C2 /* Products */;
			projectDirPath = "";
			projectRoot = "";
			targets = (
				CB5480BD250B4806007FF2C2 /* stock_calculator */,
			);
		};
/* End PBXProject section */

/* Begin PBXResourcesBuildPhase section */
		CB5480BC250B4806007FF2C2 /* Resources */ = {
			isa = PBXResourcesBuildPhase;
			buildActionMask = 2147483647;
			files = (
				CB5480CE250B4809007FF2C2 /* LaunchScreen.storyboard in Resources */,
				CB5480CB250B4809007FF2C2 /* Preview Assets.xcassets in Resources */,
				CB5480C8250B4809007FF2C2 /* Assets.xcassets in Resources */,
			);
			runOnlyForDeploymentPostprocessing = 0;
		};
/* End PBXResourcesBuildPhase section */

/* Begin PBXSourcesBuildPhase section */
		CB5480BA250B4806007FF2C2 /* Sources */ = {
			isa = PBXSourcesBuildPhase;
			buildActionMask = 2147483647;
			files = (
				CB5480C2250B4806007FF2C2 /* AppDelegate.swift in Sources */,
				CB5480C4250B4806007FF2C2 /* SceneDelegate.swift in Sources */,
				CB5480C6250B4806007FF2C2 /* ContentView.swift in Sources */,
			);
			runOnlyForDeploymentPostprocessing = 0;
		};
/* End PBXSourcesBuildPhase section */

/* Begin PBXVariantGroup section */
		CB5480CC250B4809007FF2C2 /* LaunchScreen.storyboard */ = {
			isa = PBXVariantGroup;
			children = (
				CB5480CD250B4809007FF2C2 /* Base */,
			);
			name = LaunchScreen.storyboard;
			sourceTree = "<group>";
		};
/* End PBXVariantGroup section */

/* Begin XCBuildConfiguration section */
		CB5480D0250B4809007FF2C2 /* Debug */ = {
			isa = XCBuildConfiguration;
			buildSettings = {
				ALWAYS_SEARCH_USER_PATHS = NO;
				CLANG_ANALYZER_NONNULL = YES;
				CLANG_ANALYZER_NUMBER_OBJECT_CONVERSION = YES_AGGRESSIVE;
				CLANG_CXX_LANGUAGE_STANDARD = "gnu++14";
				CLANG_CXX_LIBRARY = "libc++";
				CLANG_ENABLE_MODULES = YES;
				CLANG_ENABLE_OBJC_ARC = YES;
				CLANG_ENABLE_OBJC_WEAK = YES;
				CLANG_WARN_BLOCK_CAPTURE_AUTORELEASING = YES;
				CLANG_WARN_BOOL_CONVERSION = YES;
				CLANG_WARN_COMMA = YES;
				CLANG_WARN_CONSTANT_CONVERSION = YES;
				CLANG_WARN_DEPRECATED_OBJC_IMPLEMENTATIONS = YES;
				CLANG_WARN_DIRECT_OBJC_ISA_USAGE = YES_ERROR;
				CLANG_WARN_DOCUMENTATION_COMMENTS = YES;
				CLANG_WARN_EMPTY_BODY = YES;
				CLANG_WARN_ENUM_CONVERSION = YES;
				CLANG_WARN_INFINITE_RECURSION = YES;
				CLANG_WARN_INT_CONVERSION = YES;
				CLANG_WARN_NON_LITERAL_NULL_CONVERSION = YES;
				CLANG_WARN_OBJC_IMPLICIT_RETAIN_SELF = YES;
				CLANG_WARN_OBJC_LITERAL_CONVERSION = YES;
				CLANG_WARN_OBJC_ROOT_CLASS = YES_ERROR;
				CLANG_WARN_RANGE_LOOP_ANALYSIS = YES;
				CLANG_WARN_STRICT_PROTOTYPES = YES;
				CLANG_WARN_SUSPICIOUS_MOVE = YES;
				CLANG_WARN_UNGUARDED_AVAILABILITY = YES_AGGRESSIVE;
				CLANG_WARN_UNREACHABLE_CODE = YES;
				CLANG_WARN__DUPLICATE_METHOD_MATCH = YES;
				COPY_PHASE_STRIP = NO;
				DEBUG_INFORMATION_FORMAT = dwarf;
				ENABLE_STRICT_OBJC_MSGSEND = YES;
				ENABLE_TESTABILITY = YES;
				GCC_C_LANGUAGE_STANDARD = gnu11;
				GCC_DYNAMIC_NO_PIC = NO;
				GCC_NO_COMMON_BLOCKS = YES;
				GCC_OPTIMIZATION_LEVEL = 0;
				GCC_PREPROCESSOR_DEFINITIONS = (
					"DEBUG=1",
					"$(inherited)",
				);
				GCC_WARN_64_TO_32_BIT_CONVERSION = YES;
				GCC_WARN_ABOUT_RETURN_TYPE = YES_ERROR;
				GCC_WARN_UNDECLARED_SELECTOR = YES;
				GCC_WARN_UNINITIALIZED_AUTOS = YES_AGGRESSIVE;
				GCC_WARN_UNUSED_FUNCTION = YES;
				GCC_WARN_UNUSED_VARIABLE = YES;
				IPHONEOS_DEPLOYMENT_TARGET = 13.7;
				MTL_ENABLE_DEBUG_INFO = INCLUDE_SOURCE;
				MTL_FAST_MATH = YES;
				ONLY_ACTIVE_ARCH = YES;
				SDKROOT = iphoneos;
				SWIFT_ACTIVE_COMPILATION_CONDITIONS = DEBUG;
				SWIFT_OPTIMIZATION_LEVEL = "-Onone";
			};
			name = Debug;
		};
		CB5480D1250B4809007FF2C2 /* Release */ = {
			isa = XCBuildConfiguration;
			buildSettings = {
				ALWAYS_SEARCH_USER_PATHS = NO;
				CLANG_ANALYZER_NONNULL = YES;
				CLANG_ANALYZER_NUMBER_OBJECT_CONVERSION = YES_AGGRESSIVE;
				CLANG_CXX_LANGUAGE_STANDARD = "gnu++14";
				CLANG_CXX_LIBRARY = "libc++";
				CLANG_ENABLE_MODULES = YES;
				CLANG_ENABLE_OBJC_ARC = YES;
				CLANG_ENABLE_OBJC_WEAK = YES;
				CLANG_WARN_BLOCK_CAPTURE_AUTORELEASING = YES;
				CLANG_WARN_BOOL_CONVERSION = YES;
				CLANG_WARN_COMMA = YES;
				CLANG_WARN_CONSTANT_CONVERSION = YES;
				CLANG_WARN_DEPRECATED_OBJC_IMPLEMENTATIONS = YES;
				CLANG_WARN_DIRECT_OBJC_ISA_USAGE = YES_ERROR;
				CLANG_WARN_DOCUMENTATION_COMMENTS = YES;
				CLANG_WARN_EMPTY_BODY = YES;
				CLANG_WARN_ENUM_CONVERSION = YES;
				CLANG_WARN_INFINITE_RECURSION = YES;
				CLANG_WARN_INT_CONVERSION = YES;
				CLANG_WARN_NON_LITERAL_NULL_CONVERSION = YES;
				CLANG_WARN_OBJC_IMPLICIT_RETAIN_SELF = YES;
				CLANG_WARN_OBJC_LITERAL_CONVERSION = YES;
				CLANG_WARN_OBJC_ROOT_CLASS = YES_ERROR;
				CLANG_WARN_RANGE_LOOP_ANALYSIS = YES;
				CLANG_WARN_STRICT_PROTOTYPES = YES;
				CLANG_WARN_SUSPICIOUS_MOVE = YES;
				CLANG_WARN_UNGUARDED_AVAILABILITY = YES_AGGRESSIVE;
				CLANG_WARN_UNREACHABLE_CODE = YES;
				CLANG_WARN__DUPLICATE_METHOD_MATCH = YES;
				COPY_PHASE_STRIP = NO;
				DEBUG_INFORMATION_FORMAT = "dwarf-with-dsym";
				ENABLE_NS_ASSERTIONS = NO;
				ENABLE_STRICT_OBJC_MSGSEND = YES;
				GCC_C_LANGUAGE_STANDARD = gnu11;
				GCC_NO_COMMON_BLOCKS = YES;
				GCC_WARN_64_TO_32_BIT_CONVERSION = YES;
				GCC_WARN_ABOUT_RETURN_TYPE = YES_ERROR;
				GCC_WARN_UNDECLARED_SELECTOR = YES;
				GCC_WARN_UNINITIALIZED_AUTOS = YES_AGGRESSIVE;
				GCC_WARN_UNUSED_FUNCTION = YES;
				GCC_WARN_UNUSED_VARIABLE = YES;
				IPHONEOS_DEPLOYMENT_TARGET = 13.7;
				MTL_ENABLE_DEBUG_INFO = NO;
				MTL_FAST_MATH = YES;
				SDKROOT = iphoneos;
				SWIFT_COMPILATION_MODE = wholemodule;
				SWIFT_OPTIMIZATION_LEVEL = "-O";
				VALIDATE_PRODUCT = YES;
			};
			name = Release;
		};
		CB5480D3250B4809007FF2C2 /* Debug */ = {
			isa = XCBuildConfiguration;
			buildSettings = {
				ASSETCATALOG_COMPILER_APPICON_NAME = AppIcon;
				CODE_SIGN_STYLE = Automatic;
				DEVELOPMENT_ASSET_PATHS = "\"stock_calculator/Preview Content\"";
				DEVELOPMENT_TEAM = QKY7M4B369;
				ENABLE_PREVIEWS = YES;
				INFOPLIST_FILE = stock_calculator/Info.plist;
				LD_RUNPATH_SEARCH_PATHS = (
					"$(inherited)",
					"@executable_path/Frameworks",
				);
				PRODUCT_BUNDLE_IDENTIFIER = "com.gwpd.stock-calculator";
				PRODUCT_NAME = "$(TARGET_NAME)";
				SWIFT_VERSION = 5.0;
				TARGETED_DEVICE_FAMILY = "1,2";
			};
			name = Debug;
		};
		CB5480D4250B4809007FF2C2 /* Release */ = {
			isa = XCBuildConfiguration;
			buildSettings = {
				ASSETCATALOG_COMPILER_APPICON_NAME = AppIcon;
				CODE_SIGN_STYLE = Automatic;
				DEVELOPMENT_ASSET_PATHS = "\"stock_calculator/Preview Content\"";
				DEVELOPMENT_TEAM = QKY7M4B369;
				ENABLE_PREVIEWS = YES;
				INFOPLIST_FILE = stock_calculator/Info.plist;
				LD_RUNPATH_SEARCH_PATHS = (
					"$(inherited)",
					"@executable_path/Frameworks",
				);
				PRODUCT_BUNDLE_IDENTIFIER = "com.gwpd.stock-calculator";
				PRODUCT_NAME = "$(TARGET_NAME)";
				SWIFT_VERSION = 5.0;
				TARGETED_DEVICE_FAMILY = "1,2";
			};
			name = Release;
		};
/* End XCBuildConfiguration section */

/* Begin XCConfigurationList section */
		CB5480B9250B4806007FF2C2 /* Build configuration list for PBXProject "stock_calculator" */ = {
			isa = XCConfigurationList;
			buildConfigurations = (
				CB5480D0250B4809007FF2C2 /* Debug */,
				CB5480D1250B4809007FF2C2 /* Release */,
			);
			defaultConfigurationIsVisible = 0;
			defaultConfigurationName = Release;
		};
		CB5480D2250B4809007FF2C2 /* Build configuration list for PBXNativeTarget "stock_calculator" */ = {
			isa = XCConfigurationList;
			buildConfigurations = (
				CB5480D3250B4809007FF2C2 /* Debug */,
				CB5480D4250B4809007FF2C2 /* Release */,
			);
			defaultConfigurationIsVisible = 0;
			defaultConfigurationName = Release;
		};
/* End XCConfigurationList section */
	};
	rootObject = CB5480B6250B4806007FF2C2 /* Project object */;
}
