{
  "object": {
    "pins": [
      {
        "package": "Runtime",
        "repositoryURL": "https://github.com/wickwirew/Runtime.git",
        "state": {
          "branch": null,
          "revision": "dad03135d7701a4e7b3a4051e75d6b37bd8e178e",
          "version": "2.2.4"
        }
      },
      {
        "package": "SemanticUI",
        "repositoryURL": "https://github.com/SwiftWebResources/SemanticUI-Swift.git",
        "state": {
          "branch": null,
          "revision": "7397d062aeeb5ecce64389fecaca3b1e0fc9cacf",
          "version": "2.4.2"
        }
      },
      {
        "package": "swift-nio",
        "repositoryURL": "https://github.com/apple/swift-nio.git",
        "state": {
          "branch": null,
          "revision": "51c3fc2e4a0fcdf4a25089b288dd65b73df1b0ef",
          "version": "2.37.0"
        }
      },
      {
        "package": "SwiftWebUI",
        "repositoryURL": "https://github.com/SwiftWebUI/SwiftWebUI.git",
        "state": {
          "branch": null,
          "revision": "18cbd100d360432cbc38142f8571176776953450",
          "version": "0.3.0"
        }
      }
    ]
  },
  "version": 1
}
